<?xml version="1.0" encoding="utf-8"?>
<Project ToolsVersion="4.0" xmlns="http://schemas.microsoft.com/developer/msbuild/2003">
  <ItemGroup>
    <Filter Include="Исходные файлы">
      <UniqueIdentifier>{4FC737F1-C7A5-4376-A066-2A32D752A2FF}</UniqueIdentifier>
      <Extensions>cpp;c;cc;cxx;c++;cppm;ixx;def;odl;idl;hpj;bat;asm;asmx</Extensions>
    </Filter>
    <Filter Include="Файлы заголовков">
      <UniqueIdentifier>{93995380-89BD-4b04-88EB-625FBE52EBFB}</UniqueIdentifier>
      <Extensions>h;hh;hpp;hxx;h++;hm;inl;inc;ipp;xsd</Extensions>
    </Filter>
    <Filter Include="Factory-CPP">
      <UniqueIdentifier>{67DA6AB6-F800-4c08-8B7A-83BB121AAD01}</UniqueIdentifier>
      <Extensions>rc;ico;cur;bmp;dlg;rc2;rct;bin;rgs;gif;jpg;jpeg;jpe;resx;tiff;tif;png;wav;mfcribbon-ms</Extensions>
    </Filter>
    <Filter Include="Factory-H">
      <UniqueIdentifier>{0da6673b-202b-44ea-803f-731c80eed399}</UniqueIdentifier>
    </Filter>
  </ItemGroup>
  <ItemGroup>
    <ClCompile Include="ConsoleApplication1.cpp">
      <Filter>Исходные файлы</Filter>
    </ClCompile>
    <ClCompile Include="item.cpp">
      <Filter>Исходные файлы</Filter>
    </ClCompile>
    <ClCompile Include="helm.cpp">
      <Filter>Исходные файлы</Filter>
    </ClCompile>
    <ClCompile Include="Boots.cpp">
      <Filter>Исходные файлы</Filter>
    </ClCompile>
    <ClCompile Include="Shield.cpp">
      <Filter>Исходные файлы</Filter>
    </ClCompile>
    <ClCompile Include="Weapon.cpp">
      <Filter>Исходные файлы</Filter>
    </ClCompile>
    <ClCompile Include="Chest.cpp">
      <Filter>Исходные файлы</Filter>
    </ClCompile>
    <ClCompile Include="factoryEpic.cpp">
      <Filter>Factory-CPP</Filter>
    </ClCompile>
    <ClCompile Include="factoryLegendary.cpp">
      <Filter>Factory-CPP</Filter>
    </ClCompile>
    <ClCompile Include="factoryMystical.cpp">
      <Filter>Factory-CPP</Filter>
    </ClCompile>
    <ClCompile Include="factoryRare.cpp">
      <Filter>Factory-CPP</Filter>
    </ClCompile>
    <ClCompile Include="factoryCommon.cpp">
      <Filter>Factory-CPP</Filter>
    </ClCompile>
    <ClCompile Include="abstract_factory.cpp">
      <Filter>Factory-CPP</Filter>
    </ClCompile>
  </ItemGroup>
  <ItemGroup>
    <ClInclude Include="Boots.h">
      <Filter>Файлы заголовков</Filter>
    </ClInclude>
    <ClInclude Include="Chest.h">
      <Filter>Файлы заголовков</Filter>
    </ClInclude>
    <ClInclude Include="helm.h">
      <Filter>Файлы заголовков</Filter>
    </ClInclude>
    <ClInclude Include="iItem.h">
      <Filter>Файлы заголовков</Filter>
    </ClInclude>
    <ClInclude Include="item.h">
      <Filter>Файлы заголовков</Filter>
    </ClInclude>
    <ClInclude Include="Shield.h">
      <Filter>Файлы заголовков</Filter>
    </ClInclude>
    <ClInclude Include="Weapon.h">
      <Filter>Файлы заголовков</Filter>
    </ClInclude>
    <ClInclude Include="factoryCommon.h">
      <Filter>Factory-H</Filter>
    </ClInclude>
    <ClInclude Include="factoryEpic.h">
      <Filter>Factory-H</Filter>
    </ClInclude>
    <ClInclude Include="factoryLegendary.h">
      <Filter>Factory-H</Filter>
    </ClInclude>
    <ClInclude Include="factoryMystical.h">
      <Filter>Factory-H</Filter>
    </ClInclude>
    <ClInclude Include="factoryRare.h">
      <Filter>Factory-H</Filter>
    </ClInclude>
    <ClInclude Include="abstract_factory.h">
      <Filter>Factory-H</Filter>
    </ClInclude>
  </ItemGroup>
</Project>