<?xml version="1.0" encoding="utf-8"?>
<Project ToolsVersion="4.0" xmlns="http://schemas.microsoft.com/developer/msbuild/2003">
  <ItemGroup>
    <ClCompile Include="main.cpp" />
    <ClCompile Include="Book.cpp" />
  </ItemGroup>
  <ItemGroup>
    <ClInclude Include="oll_node.h" />
    <ClInclude Include="one_linked_list.h" />
    <ClInclude Include="Book.h" />
    <ClInclude Include="dll_node.h" />
    <ClInclude Include="double_linked_list.h" />
    <ClInclude Include="queue.h" />
    <ClInclude Include="stack.h" />
    <ClInclude Include="set1.h" />
    <ClInclude Include="tree_node.h" />
    <ClInclude Include="tree.h" />
  </ItemGroup>
</Project>